
Microsoft Visual Studio Solution File, Format Version 12.00
# Visual Studio Version 16
VisualStudioVersion = 16.0.29209.62
MinimumVisualStudioVersion = 10.0.40219.1
Project("{FAE04EC0-301F-11D3-BF4B-00C04F79EFBC}") = "WebPihare", "WebPihare\WebPihare.csproj", "{C2C04B79-CED3-4721-9C5E-9C667F655519}"
EndProject
Global
	GlobalSection(SolutionConfigurationPlatforms) = preSolution
		Debug|Any CPU = Debug|Any CPU
		Release|Any CPU = Release|Any CPU
	EndGlobalSection
	GlobalSection(ProjectConfigurationPlatforms) = postSolution
		{C2C04B79-CED3-4721-9C5E-9C667F655519}.Debug|Any CPU.ActiveCfg = Debug|Any CPU
		{C2C04B79-CED3-4721-9C5E-9C667F655519}.Debug|Any CPU.Build.0 = Debug|Any CPU
		{C2C04B79-CED3-4721-9C5E-9C667F655519}.Release|Any CPU.ActiveCfg = Release|Any CPU
		{C2C04B79-CED3-4721-9C5E-9C667F655519}.Release|Any CPU.Build.0 = Release|Any CPU
	EndGlobalSection
	GlobalSection(SolutionProperties) = preSolution
		HideSolutionNode = FALSE
	EndGlobalSection
	GlobalSection(ExtensibilityGlobals) = postSolution
		SolutionGuid = {4822EBE9-D1A0-4B74-BA8E-B72A3FE77368}
	EndGlobalSection
EndGlobal
